
Microsoft Visual Studio Solution File, Format Version 12.00
# Visual Studio Version 17
VisualStudioVersion = 17.12.35707.178
MinimumVisualStudioVersion = 10.0.40219.1
Project("{2150E333-8FDC-42A3-9474-1A3956D46DE8}") = "src", "src", "{A9C30721-6878-4517-8915-C0C43B2E63FF}"
EndProject
Project("{2150E333-8FDC-42A3-9474-1A3956D46DE8}") = "tests", "tests", "{4615FA36-1F18-45A7-9673-A233C6AB5748}"
EndProject
Project("{FAE04EC0-301F-11D3-BF4B-00C04F79EFBC}") = "AgroSupply.BusinessPartners.Domain", "src\AgroSupply.BusinessPartners.Domain\AgroSupply.BusinessPartners.Domain.csproj", "{85045CD4-2EF6-4846-BC88-93593CAE434C}"
EndProject
Project("{FAE04EC0-301F-11D3-BF4B-00C04F79EFBC}") = "AgroSupply.BusinessPartners.Domain.Tests", "tests\AgroSupply.BusinessPartners.Domain.Tests\AgroSupply.BusinessPartners.Domain.Tests.csproj", "{EC752229-138E-4BC0-BBB8-2821B3151129}"
EndProject
Project("{FAE04EC0-301F-11D3-BF4B-00C04F79EFBC}") = "AgroSupply.BusinessPartners.Application", "src\AgroSupply.BusinessPartners.Application\AgroSupply.BusinessPartners.Application.csproj", "{51F8DCB7-B74A-4863-A00D-6CA62033CE6D}"
EndProject
Project("{FAE04EC0-301F-11D3-BF4B-00C04F79EFBC}") = "AgroSupply.BusinessPartners.Application.Tests", "tests\AgroSupply.BusinessPartners.Application.Tests\AgroSupply.BusinessPartners.Application.Tests.csproj", "{254BDFC5-4325-4197-9223-2ACAA401B01D}"
EndProject
Project("{FAE04EC0-301F-11D3-BF4B-00C04F79EFBC}") = "AgroSupply.BusinessPartners.Infrastructure", "src\AgroSupply.BusinessPartners.Infrastructure\AgroSupply.BusinessPartners.Infrastructure.csproj", "{5F89B2D5-7B1F-4F69-9C3A-A69AE1CCC026}"
EndProject
Project("{FAE04EC0-301F-11D3-BF4B-00C04F79EFBC}") = "AgroSupply.BusinessPartners.Api", "src\AgroSupply.BusinessPartners.Api\AgroSupply.BusinessPartners.Api.csproj", "{EFF361AE-A9C6-485E-ABA5-62C3D2D650B6}"
EndProject
Project("{FAE04EC0-301F-11D3-BF4B-00C04F79EFBC}") = "AgroSupply.BusinessPartners.Api.Tests", "tests\AgroSupply.BusinessPartners.Api.Tests\AgroSupply.BusinessPartners.Api.Tests.csproj", "{129E6686-1909-4064-BB95-0C925FBD998D}"
EndProject
Global
	GlobalSection(SolutionConfigurationPlatforms) = preSolution
		Debug|Any CPU = Debug|Any CPU
		Release|Any CPU = Release|Any CPU
	EndGlobalSection
	GlobalSection(ProjectConfigurationPlatforms) = postSolution
		{85045CD4-2EF6-4846-BC88-93593CAE434C}.Debug|Any CPU.ActiveCfg = Debug|Any CPU
		{85045CD4-2EF6-4846-BC88-93593CAE434C}.Debug|Any CPU.Build.0 = Debug|Any CPU
		{85045CD4-2EF6-4846-BC88-93593CAE434C}.Release|Any CPU.ActiveCfg = Release|Any CPU
		{85045CD4-2EF6-4846-BC88-93593CAE434C}.Release|Any CPU.Build.0 = Release|Any CPU
		{EC752229-138E-4BC0-BBB8-2821B3151129}.Debug|Any CPU.ActiveCfg = Debug|Any CPU
		{EC752229-138E-4BC0-BBB8-2821B3151129}.Debug|Any CPU.Build.0 = Debug|Any CPU
		{EC752229-138E-4BC0-BBB8-2821B3151129}.Release|Any CPU.ActiveCfg = Release|Any CPU
		{EC752229-138E-4BC0-BBB8-2821B3151129}.Release|Any CPU.Build.0 = Release|Any CPU
		{51F8DCB7-B74A-4863-A00D-6CA62033CE6D}.Debug|Any CPU.ActiveCfg = Debug|Any CPU
		{51F8DCB7-B74A-4863-A00D-6CA62033CE6D}.Debug|Any CPU.Build.0 = Debug|Any CPU
		{51F8DCB7-B74A-4863-A00D-6CA62033CE6D}.Release|Any CPU.ActiveCfg = Release|Any CPU
		{51F8DCB7-B74A-4863-A00D-6CA62033CE6D}.Release|Any CPU.Build.0 = Release|Any CPU
		{254BDFC5-4325-4197-9223-2ACAA401B01D}.Debug|Any CPU.ActiveCfg = Debug|Any CPU
		{254BDFC5-4325-4197-9223-2ACAA401B01D}.Debug|Any CPU.Build.0 = Debug|Any CPU
		{254BDFC5-4325-4197-9223-2ACAA401B01D}.Release|Any CPU.ActiveCfg = Release|Any CPU
		{254BDFC5-4325-4197-9223-2ACAA401B01D}.Release|Any CPU.Build.0 = Release|Any CPU
		{5F89B2D5-7B1F-4F69-9C3A-A69AE1CCC026}.Debug|Any CPU.ActiveCfg = Debug|Any CPU
		{5F89B2D5-7B1F-4F69-9C3A-A69AE1CCC026}.Debug|Any CPU.Build.0 = Debug|Any CPU
		{5F89B2D5-7B1F-4F69-9C3A-A69AE1CCC026}.Release|Any CPU.ActiveCfg = Release|Any CPU
		{5F89B2D5-7B1F-4F69-9C3A-A69AE1CCC026}.Release|Any CPU.Build.0 = Release|Any CPU
		{EFF361AE-A9C6-485E-ABA5-62C3D2D650B6}.Debug|Any CPU.ActiveCfg = Debug|Any CPU
		{EFF361AE-A9C6-485E-ABA5-62C3D2D650B6}.Debug|Any CPU.Build.0 = Debug|Any CPU
		{EFF361AE-A9C6-485E-ABA5-62C3D2D650B6}.Release|Any CPU.ActiveCfg = Release|Any CPU
		{EFF361AE-A9C6-485E-ABA5-62C3D2D650B6}.Release|Any CPU.Build.0 = Release|Any CPU
		{129E6686-1909-4064-BB95-0C925FBD998D}.Debug|Any CPU.ActiveCfg = Debug|Any CPU
		{129E6686-1909-4064-BB95-0C925FBD998D}.Debug|Any CPU.Build.0 = Debug|Any CPU
		{129E6686-1909-4064-BB95-0C925FBD998D}.Release|Any CPU.ActiveCfg = Release|Any CPU
		{129E6686-1909-4064-BB95-0C925FBD998D}.Release|Any CPU.Build.0 = Release|Any CPU
	EndGlobalSection
	GlobalSection(SolutionProperties) = preSolution
		HideSolutionNode = FALSE
	EndGlobalSection
	GlobalSection(NestedProjects) = preSolution
		{85045CD4-2EF6-4846-BC88-93593CAE434C} = {A9C30721-6878-4517-8915-C0C43B2E63FF}
		{EC752229-138E-4BC0-BBB8-2821B3151129} = {4615FA36-1F18-45A7-9673-A233C6AB5748}
		{51F8DCB7-B74A-4863-A00D-6CA62033CE6D} = {A9C30721-6878-4517-8915-C0C43B2E63FF}
		{254BDFC5-4325-4197-9223-2ACAA401B01D} = {4615FA36-1F18-45A7-9673-A233C6AB5748}
		{5F89B2D5-7B1F-4F69-9C3A-A69AE1CCC026} = {A9C30721-6878-4517-8915-C0C43B2E63FF}
		{EFF361AE-A9C6-485E-ABA5-62C3D2D650B6} = {A9C30721-6878-4517-8915-C0C43B2E63FF}
		{129E6686-1909-4064-BB95-0C925FBD998D} = {4615FA36-1F18-45A7-9673-A233C6AB5748}
	EndGlobalSection
EndGlobal
